
Microsoft Visual Studio Solution File, Format Version 12.00
# Visual Studio 15
VisualStudioVersion = 15.0.27703.2018
MinimumVisualStudioVersion = 10.0.40219.1
Project("{FAE04EC0-301F-11D3-BF4B-00C04F79EFBC}") = "Lab2Blackjack", "Lab2Blackjack\Lab2Blackjack.csproj", "{98ED791E-52C3-4B96-891F-731F18B7421B}"
EndProject
Global
	GlobalSection(SolutionConfigurationPlatforms) = preSolution
		Debug|Any CPU = Debug|Any CPU
		Release|Any CPU = Release|Any CPU
	EndGlobalSection
	GlobalSection(ProjectConfigurationPlatforms) = postSolution
		{98ED791E-52C3-4B96-891F-731F18B7421B}.Debug|Any CPU.ActiveCfg = Debug|Any CPU
		{98ED791E-52C3-4B96-891F-731F18B7421B}.Debug|Any CPU.Build.0 = Debug|Any CPU
		{98ED791E-52C3-4B96-891F-731F18B7421B}.Release|Any CPU.ActiveCfg = Release|Any CPU
		{98ED791E-52C3-4B96-891F-731F18B7421B}.Release|Any CPU.Build.0 = Release|Any CPU
	EndGlobalSection
	GlobalSection(SolutionProperties) = preSolution
		HideSolutionNode = FALSE
	EndGlobalSection
	GlobalSection(ExtensibilityGlobals) = postSolution
		SolutionGuid = {AF0DCE07-7125-43C3-80AD-D0CBE22C4805}
	EndGlobalSection
EndGlobal
